{
  "version": 4,
  "terraform_version": "1.12.2",
  "serial": 1,
  "lineage": "d6f21a75-1ce1-dffd-cfb9-9a820b8d8407",
  "outputs": {
    "cluster_name": {
      "value": "netology-k8s-cluster",
      "type": "string"
    }
  },
  "resources": [
    {
      "mode": "managed",
      "type": "yandex_iam_service_account",
      "name": "k8s-svc",
      "provider": "provider[\"registry.terraform.io/yandex-cloud/yandex\"]",
      "instances": [
        {
          "schema_version": 0,
          "attributes": {
            "created_at": "2025-08-24T17:47:19Z",
            "description": "kuber-k8s-svc",
            "folder_id": "b1gj6ia0559mol9ufg9k",
            "id": "ajetki92ul6ccrk3absr",
            "name": "k8s-svc",
            "timeouts": null
          },
          "sensitive_attributes": [],
          "identity_schema_version": 0,
          "private": "eyJlMmJmYjczMC1lY2FhLTExZTYtOGY4OC0zNDM2M2JjN2M0YzAiOnsiY3JlYXRlIjo2MDAwMDAwMDAwMCwiZGVsZXRlIjo2MDAwMDAwMDAwMCwidXBkYXRlIjo2MDAwMDAwMDAwMH19"
        }
      ]
    },
    {
      "mode": "managed",
      "type": "yandex_iam_service_account_key",
      "name": "k8s-svc-key",
      "provider": "provider[\"registry.terraform.io/yandex-cloud/yandex\"]",
      "instances": [
        {
          "schema_version": 0,
          "attributes": {
            "created_at": "2025-08-24T17:47:23Z",
            "description": "K8S SA key for Terraform",
            "encrypted_private_key": null,
            "format": "PEM_FILE",
            "id": "ajedqk1nk32vknkipn6k",
            "key_algorithm": "RSA_4096",
            "key_fingerprint": null,
            "output_to_lockbox": [],
            "output_to_lockbox_version_id": null,
            "pgp_key": null,
            "private_key": "PLEASE DO NOT REMOVE THIS LINE! Yandex.Cloud SA Key ID \u003cajedqk1nk32vknkipn6k\u003e\n-----BEGIN PRIVATE KEY-----\nMIIJQQIBADANBgkqhkiG9w0BAQEFAASCCSswggknAgEAAoICAQCsA6+Q+TtOAl2v\nrfNMGEGwIPm2c6G59tGMTAOxjZAOHKLp/2vLgQKWnujiGWuFZPzd45IgLv6dvF4m\nw9mnqSexD/aqGYPJf/P5761AcEsxxwrbWtGSWKIhQij/GQ7XagwfAP26aNlQ4hDN\n843eRa0ze4yuax/Yjwlql7oMJIKt4zg9tBQFruhoLD7lGjtzPQ65qKDJDo8KmIrQ\nzD93WSHrI/KMZu/dt6YGfY4qPezmJweiiHVmnhLBY9Un0McbzcIc6rj30YpMrt6B\nTLn9AOnFdfzGNCksAQFZnuvF9D/rZd4gKq9leB+aX17hqz0F33ivSTw7NW/Ypm37\nbARAyR8swHjmMu+M+hO8XPIeEU/BeWJVPLUHTET7e2nSBj2jqYkeueaEgVnFu2IF\nrZ0odRhkzYF3NrSg+0pGd9CHA0zlDDUykdvt2WKst3BiJbiZsd0+uNnO4GdFo1tU\npJsIhux8rCW+rdwfU0/AQAbc5c37pl6P/TaZDmqC0P9IOI8r/D7OHiJO/Uezvyyc\nZUGgF3k18+aQCNhGbLK2TREIp9kX2J3KuuMioDiSNbuIbvFgj0+5f6lP9q06a4p+\nmaaVgJGoMVMXgG4Os2EN3Dtzab834ZUrrU31RJJpzLh5xMAAuNSagueBldP772wC\nh8rAwEwgqPXZ2iL3oMTwQqY55hZvoQIDAQABAoICABKFaRN6inSpU44VdENmvzfo\nLQsEo07DMSfijWlCPVcPpUj9vA0S7ITsQlYJ96ZKy+FWXgcCGF9Ch360Csz/LStm\n9R+2lJaPJOVt9aEhFi+bZ2NcAYG48mgTWBezioIORJTYBfnazT9kv/t09HsQ1Ifd\nDzY+iZTHPfPQt3MUQU/Yzdby+07rWNHSpckETI9pbRr3eax8WVGCQDwgKds/aSQI\n4FZWxRAB9KnxPev1c/sKC8vn1oBAl/NjvPFHDRFE09hKO7VPRg1grMuOR95iiUk+\nHYP33NEEoLEWJ/vOA03kz4h2ICGUUA7Oowg4aF8oAzYYdBhJ9iuFLAVsyX5ySV1a\ndLKBu3UC5T9nT/tB0p7slkNyR+AZODCvE4KjoAXrh+yVRBD26i1tM+u97G9uKNFG\n1U84q4giZKQoFoKlqgLtO789A9Jf7a8fJ0jyhw851XhAewlPkraDAfugFoT/eisU\nfCbRu/FNzL7fD9GPTiWpirnXwfRxqCxn9v8ysACiqwrCGTpmbC1e6gktzBTtOqVM\nFLziM0ferGM6PjBnvdBywthaYtehEA7N978GkDCp1UAeb3OpeTp1ZPogr/H2k/Pd\n/VqRBA6VE4/GXKJ/RjBX2qfM2NXaiiDVIQlV1YOayR08l2GqMD/DSXCVEssxL3Uf\nR6YC5T8+ClI07Z0jKdFLAoIBAQDIPEshXMRw8RI0gXhJNxcsaNvIJ7FnSMPFu3JL\nHnZ8AQbNMPkg31BIt9r5ZRiolR21InPQmg8Xo+CgXDs3Y+o1TRdIK3Y7plvv5og0\nKN3Y9OO51mrsOJaWlJAOjxfTdk/hOayQZ0J5Mva2C9cRPQq0AMgNd+1UnzKyUK8c\nmS/Go9z/Vjf4427o0W5MbOYD5pDZetUd0RRZkyyDH6ZaEVTbjFYZ7xDvtD3vP0gK\ne+VRI+gwqRvsmJCeqmAe67qSBdhCG4E22I/E7OfrIMfDKw6CcR9FMf2O+DrRaOQo\nZfLPtfRsQ5oxi6jiCjI0vjbTo4Zg+PEduFHzWfCy/mdCooVrAoIBAQDb62EZFZhc\n8EyTOvPlhdGQkqjerGmbw7eZqsGkWd+mBL4cLJ7gl1L80bZmgPgIb6KaPtUJGCoZ\nUG8Q8ydideaa8zDT7UGNTJyk12SpYoohnvqWaVvqBgMsB9jPEkSKfz4XjWQEpot9\nCbLRQtmaKxJxdFBvc+33aL3gMhWAe0wf/rFNFtePdoGjD8WHq7lSS8FttxmpctTp\ns6raIE4UvgzeAMgLAb7ecFgxR1bkXpTWKdw9ZzHY5BIPgOMMkThUi+epqbxUjcPR\n18Grpu3A7azAyOSSms75GWrQXJwXV3sUiYr7Gbo9juf+J+ZTsDfc7Sh3ctvDyjfa\nBSxkeO4p9RYjAoIBAAEIXpLTeafjdmaS7F3kTNhLyiZkHgQcWfYhG1vL0mydTL2u\nLPrAbBeT6ysyHEhyTG7suJAw2zcR/0yUbTHB8ClKNn6GyttP5lV8aONr+ojt6mbA\n9lg1ioFITt3kWwkaKRtOQteT0MHzQ1Z5BSjvmaiIAIAhSDYRhB9rTxvkplxt5+vh\nM/Syp5XHzrvSK/WFMOYOPh8jPumfWrFqbl80i61+Mct8cifqVA9x0htLvEkI2F+3\n347+0nAfDNPb/2BVa2Ib5jS0NTmcxy1tQ9p71F1T3AdtVJNyMEt4MQUMUY5Er/gG\n+TqcL8jKqKug94Nr6nuBjSzMEJAivJ0PttSfJfUCggEADUSsPQkyghj1ZcSexnBG\nboSKr7STQpSSVTEaMcJCXg/XMHf4tfArT5mPeau6SzgBBXFZBQ1yLMjPiqRA8g3O\n9fZKMd8Un2PJ56AfMKEDWHfxAnYk13+5XUSz7fpaLEj1BBLBwA4USFz3buyrmEOU\n/0dXOwIxj0XAfvBGn9PQifWh2NbR9pPdymq/LipMKgzsBKSRZcnJ0rfGTRa530KA\nIDzH1PIsA9ufVonJUknqjOlFombBeSZ5eHn8ONviHCe8uF3HQQq0j8qGosaVfZhZ\nXeBA+h9g8WJ5MU0FFdtvT5Pk0LWCqQggMxNRMCdnl2qvkFVbsPpYWE0Lmpw5MkrZ\nJQKCAQBttf6lAMy7xO7BljPZN9kv8KGeqa3EwUMwDUc4L4KfYC9BgtF+TvuHHbKW\n/DRjM79UP7ORPaf/Ip49O7IP5Bn5AJ4B6sXZhS0M9VtPh4QYuMyZGYlVQ5CDZSYI\nS9IIqZO5v6+/PaZbdAdmBX76sdyoGzcvyO1bGHVG2cWfoMxxdqJmS9zd5b7gJif6\nKyJl2pXq/rOdfgRpXeW58zT+U6hOUvLF0eQ3mb7dw4TataEwAJtNi5peDjgdEf5p\nu09LGMVWUo96zAWqBBODnBtkyUTrdnv9eauic5KiXNLwoZu07HhT/PenRnAi+qvl\n+M0X27aeuh4MBX16IeGwnuxhnihH\n-----END PRIVATE KEY-----\n",
            "public_key": "-----BEGIN PUBLIC KEY-----\nMIICIjANBgkqhkiG9w0BAQEFAAOCAg8AMIICCgKCAgEArAOvkPk7TgJdr63zTBhB\nsCD5tnOhufbRjEwDsY2QDhyi6f9ry4EClp7o4hlrhWT83eOSIC7+nbxeJsPZp6kn\nsQ/2qhmDyX/z+e+tQHBLMccK21rRkliiIUIo/xkO12oMHwD9umjZUOIQzfON3kWt\nM3uMrmsf2I8Jape6DCSCreM4PbQUBa7oaCw+5Ro7cz0OuaigyQ6PCpiK0Mw/d1kh\n6yPyjGbv3bemBn2OKj3s5icHooh1Zp4SwWPVJ9DHG83CHOq499GKTK7egUy5/QDp\nxXX8xjQpLAEBWZ7rxfQ/62XeICqvZXgfml9e4as9Bd94r0k8OzVv2KZt+2wEQMkf\nLMB45jLvjPoTvFzyHhFPwXliVTy1B0xE+3tp0gY9o6mJHrnmhIFZxbtiBa2dKHUY\nZM2Bdza0oPtKRnfQhwNM5Qw1MpHb7dlirLdwYiW4mbHdPrjZzuBnRaNbVKSbCIbs\nfKwlvq3cH1NPwEAG3OXN+6Zej/02mQ5qgtD/SDiPK/w+zh4iTv1Hs78snGVBoBd5\nNfPmkAjYRmyytk0RCKfZF9idyrrjIqA4kjW7iG7xYI9PuX+pT/atOmuKfpmmlYCR\nqDFTF4BuDrNhDdw7c2m/N+GVK61N9USSacy4ecTAALjUmoLngZXT++9sAofKwMBM\nIKj12doi96DE8EKmOeYWb6ECAwEAAQ==\n-----END PUBLIC KEY-----\n",
            "service_account_id": "ajetki92ul6ccrk3absr"
          },
          "sensitive_attributes": [
            [
              {
                "type": "get_attr",
                "value": "private_key"
              }
            ]
          ],
          "identity_schema_version": 0,
          "private": "bnVsbA==",
          "dependencies": [
            "yandex_iam_service_account.k8s-svc"
          ]
        }
      ]
    },
    {
      "mode": "managed",
      "type": "yandex_kms_symmetric_key",
      "name": "kms-key",
      "provider": "provider[\"registry.terraform.io/yandex-cloud/yandex\"]",
      "instances": [
        {
          "schema_version": 1,
          "attributes": {
            "created_at": "2025-08-24T17:47:19Z",
            "default_algorithm": "AES_128",
            "deletion_protection": false,
            "description": "",
            "folder_id": "b1gj6ia0559mol9ufg9k",
            "id": "abje48mgj3268m0nvgjt",
            "labels": null,
            "name": "kuber-key",
            "rotated_at": "",
            "rotation_period": "8760h0m0s",
            "status": "active",
            "timeouts": null
          },
          "sensitive_attributes": [],
          "identity_schema_version": 0,
          "private": "eyJlMmJmYjczMC1lY2FhLTExZTYtOGY4OC0zNDM2M2JjN2M0YzAiOnsiY3JlYXRlIjo2MDAwMDAwMDAwMCwiZGVsZXRlIjo2MDAwMDAwMDAwMCwicmVhZCI6NjAwMDAwMDAwMDAsInVwZGF0ZSI6NjAwMDAwMDAwMDB9LCJzY2hlbWFfdmVyc2lvbiI6IjEifQ=="
        }
      ]
    },
    {
      "mode": "managed",
      "type": "yandex_resourcemanager_folder_iam_binding",
      "name": "editor",
      "provider": "provider[\"registry.terraform.io/yandex-cloud/yandex\"]",
      "instances": [
        {
          "schema_version": 0,
          "attributes": {
            "folder_id": "b1gj6ia0559mol9ufg9k",
            "id": "b1gj6ia0559mol9ufg9k/editor",
            "members": [
              "serviceAccount:ajetki92ul6ccrk3absr"
            ],
            "role": "editor",
            "sleep_after": null,
            "timeouts": null
          },
          "sensitive_attributes": [],
          "identity_schema_version": 0,
          "private": "eyJlMmJmYjczMC1lY2FhLTExZTYtOGY4OC0zNDM2M2JjN2M0YzAiOnsiY3JlYXRlIjoxODAwMDAwMDAwMDAwLCJkZWZhdWx0IjoxODAwMDAwMDAwMDAwLCJkZWxldGUiOjE4MDAwMDAwMDAwMDAsInJlYWQiOjE4MDAwMDAwMDAwMDAsInVwZGF0ZSI6MTgwMDAwMDAwMDAwMH19",
          "dependencies": [
            "yandex_iam_service_account.k8s-svc"
          ]
        }
      ]
    },
    {
      "mode": "managed",
      "type": "yandex_resourcemanager_folder_iam_binding",
      "name": "k8s_admin",
      "provider": "provider[\"registry.terraform.io/yandex-cloud/yandex\"]",
      "instances": [
        {
          "schema_version": 0,
          "attributes": {
            "folder_id": "b1gj6ia0559mol9ufg9k",
            "id": "b1gj6ia0559mol9ufg9k/k8s.admin",
            "members": [
              "serviceAccount:ajetki92ul6ccrk3absr"
            ],
            "role": "k8s.admin",
            "sleep_after": null,
            "timeouts": null
          },
          "sensitive_attributes": [],
          "identity_schema_version": 0,
          "private": "eyJlMmJmYjczMC1lY2FhLTExZTYtOGY4OC0zNDM2M2JjN2M0YzAiOnsiY3JlYXRlIjoxODAwMDAwMDAwMDAwLCJkZWZhdWx0IjoxODAwMDAwMDAwMDAwLCJkZWxldGUiOjE4MDAwMDAwMDAwMDAsInJlYWQiOjE4MDAwMDAwMDAwMDAsInVwZGF0ZSI6MTgwMDAwMDAwMDAwMH19",
          "dependencies": [
            "yandex_iam_service_account.k8s-svc"
          ]
        }
      ]
    },
    {
      "mode": "managed",
      "type": "yandex_resourcemanager_folder_iam_binding",
      "name": "k8s_agent",
      "provider": "provider[\"registry.terraform.io/yandex-cloud/yandex\"]",
      "instances": [
        {
          "schema_version": 0,
          "attributes": {
            "folder_id": "b1gj6ia0559mol9ufg9k",
            "id": "b1gj6ia0559mol9ufg9k/k8s.clusters.agent",
            "members": [
              "serviceAccount:ajetki92ul6ccrk3absr"
            ],
            "role": "k8s.clusters.agent",
            "sleep_after": null,
            "timeouts": null
          },
          "sensitive_attributes": [],
          "identity_schema_version": 0,
          "private": "eyJlMmJmYjczMC1lY2FhLTExZTYtOGY4OC0zNDM2M2JjN2M0YzAiOnsiY3JlYXRlIjoxODAwMDAwMDAwMDAwLCJkZWZhdWx0IjoxODAwMDAwMDAwMDAwLCJkZWxldGUiOjE4MDAwMDAwMDAwMDAsInJlYWQiOjE4MDAwMDAwMDAwMDAsInVwZGF0ZSI6MTgwMDAwMDAwMDAwMH19",
          "dependencies": [
            "yandex_iam_service_account.k8s-svc"
          ]
        }
      ]
    },
    {
      "mode": "managed",
      "type": "yandex_resourcemanager_folder_iam_binding",
      "name": "vpc_admin",
      "provider": "provider[\"registry.terraform.io/yandex-cloud/yandex\"]",
      "instances": [
        {
          "schema_version": 0,
          "attributes": {
            "folder_id": "b1gj6ia0559mol9ufg9k",
            "id": "b1gj6ia0559mol9ufg9k/vpc.publicAdmin",
            "members": [
              "serviceAccount:ajetki92ul6ccrk3absr"
            ],
            "role": "vpc.publicAdmin",
            "sleep_after": null,
            "timeouts": null
          },
          "sensitive_attributes": [],
          "identity_schema_version": 0,
          "private": "eyJlMmJmYjczMC1lY2FhLTExZTYtOGY4OC0zNDM2M2JjN2M0YzAiOnsiY3JlYXRlIjoxODAwMDAwMDAwMDAwLCJkZWZhdWx0IjoxODAwMDAwMDAwMDAwLCJkZWxldGUiOjE4MDAwMDAwMDAwMDAsInJlYWQiOjE4MDAwMDAwMDAwMDAsInVwZGF0ZSI6MTgwMDAwMDAwMDAwMH19",
          "dependencies": [
            "yandex_iam_service_account.k8s-svc"
          ]
        }
      ]
    },
    {
      "mode": "managed",
      "type": "yandex_resourcemanager_folder_iam_member",
      "name": "k8s-clusters-agent",
      "provider": "provider[\"registry.terraform.io/yandex-cloud/yandex\"]",
      "instances": [
        {
          "schema_version": 0,
          "attributes": {
            "folder_id": "b1gj6ia0559mol9ufg9k",
            "id": "b1gj6ia0559mol9ufg9k/k8s.admin/serviceAccount:ajetki92ul6ccrk3absr",
            "member": "serviceAccount:ajetki92ul6ccrk3absr",
            "role": "k8s.admin",
            "sleep_after": null,
            "timeouts": null
          },
          "sensitive_attributes": [],
          "identity_schema_version": 0,
          "private": "eyJlMmJmYjczMC1lY2FhLTExZTYtOGY4OC0zNDM2M2JjN2M0YzAiOnsiY3JlYXRlIjoxODAwMDAwMDAwMDAwLCJkZWZhdWx0IjoxODAwMDAwMDAwMDAwLCJkZWxldGUiOjE4MDAwMDAwMDAwMDAsInJlYWQiOjE4MDAwMDAwMDAwMDAsInVwZGF0ZSI6MTgwMDAwMDAwMDAwMH19",
          "dependencies": [
            "yandex_iam_service_account.k8s-svc"
          ]
        }
      ]
    },
    {
      "mode": "managed",
      "type": "yandex_vpc_network",
      "name": "network",
      "provider": "provider[\"registry.terraform.io/yandex-cloud/yandex\"]",
      "instances": [
        {
          "schema_version": 0,
          "attributes": {
            "created_at": "2025-08-24T17:47:20Z",
            "default_security_group_id": "enps4u3851s7ru6hn8sn",
            "description": "",
            "folder_id": "b1gj6ia0559mol9ufg9k",
            "id": "enp1rom534k5sosoi1al",
            "labels": {},
            "name": "network",
            "subnet_ids": [],
            "timeouts": null
          },
          "sensitive_attributes": [],
          "identity_schema_version": 0,
          "private": "eyJlMmJmYjczMC1lY2FhLTExZTYtOGY4OC0zNDM2M2JjN2M0YzAiOnsiY3JlYXRlIjo2MDAwMDAwMDAwMCwiZGVsZXRlIjo2MDAwMDAwMDAwMCwidXBkYXRlIjo2MDAwMDAwMDAwMH19"
        }
      ]
    },
    {
      "mode": "managed",
      "type": "yandex_vpc_security_group",
      "name": "regional-k8s-sg",
      "provider": "provider[\"registry.terraform.io/yandex-cloud/yandex\"]",
      "instances": [
        {
          "schema_version": 0,
          "attributes": {
            "created_at": "2025-08-24T17:47:25Z",
            "description": "",
            "egress": [
              {
                "description": "out allow all",
                "from_port": 0,
                "id": "enpmaq5vh2tml690ve8l",
                "labels": {},
                "port": -1,
                "predefined_target": "",
                "protocol": "ANY",
                "security_group_id": "",
                "to_port": 65535,
                "v4_cidr_blocks": [
                  "0.0.0.0/0"
                ],
                "v6_cidr_blocks": []
              }
            ],
            "folder_id": "b1gj6ia0559mol9ufg9k",
            "id": "enpfi7k0h4obce0h3mte",
            "ingress": [
              {
                "description": "kuber client access",
                "from_port": 30000,
                "id": "enp6c2jc7hq8a386t2gn",
                "labels": {},
                "port": -1,
                "predefined_target": "",
                "protocol": "TCP",
                "security_group_id": "",
                "to_port": 32767,
                "v4_cidr_blocks": [
                  "0.0.0.0/0"
                ],
                "v6_cidr_blocks": []
              },
              {
                "description": "kubernetes api",
                "from_port": -1,
                "id": "enpal9c4jgg65a03hmac",
                "labels": {},
                "port": 443,
                "predefined_target": "",
                "protocol": "TCP",
                "security_group_id": "",
                "to_port": -1,
                "v4_cidr_blocks": [
                  "0.0.0.0/0"
                ],
                "v6_cidr_blocks": []
              },
              {
                "description": "kubernetes apiserver",
                "from_port": -1,
                "id": "enp4tc2ejdjhn2q4lv84",
                "labels": {},
                "port": 6443,
                "predefined_target": "",
                "protocol": "TCP",
                "security_group_id": "",
                "to_port": -1,
                "v4_cidr_blocks": [
                  "0.0.0.0/0"
                ],
                "v6_cidr_blocks": []
              },
              {
                "description": "kubernetes internal",
                "from_port": 0,
                "id": "enpqp9icaj3dd7usope4",
                "labels": {},
                "port": -1,
                "predefined_target": "",
                "protocol": "ANY",
                "security_group_id": "",
                "to_port": 65535,
                "v4_cidr_blocks": [
                  "10.1.0.0/24",
                  "10.1.1.0/24",
                  "10.1.2.0/24"
                ],
                "v6_cidr_blocks": []
              },
              {
                "description": "kubernetes master -\u003e host and host -\u003e host",
                "from_port": 0,
                "id": "enpn092c5gqinmmef3l7",
                "labels": {},
                "port": -1,
                "predefined_target": "self_security_group",
                "protocol": "ANY",
                "security_group_id": "",
                "to_port": 65535,
                "v4_cidr_blocks": [],
                "v6_cidr_blocks": []
              },
              {
                "description": "lb -\u003e kubernetes cluster",
                "from_port": 0,
                "id": "enpug0fgt9nl0b2kuh7q",
                "labels": {},
                "port": -1,
                "predefined_target": "loadbalancer_healthchecks",
                "protocol": "TCP",
                "security_group_id": "",
                "to_port": 65535,
                "v4_cidr_blocks": [],
                "v6_cidr_blocks": []
              },
              {
                "description": "ping debug",
                "from_port": -1,
                "id": "enpfcqketng3hnc9t3db",
                "labels": {},
                "port": -1,
                "predefined_target": "",
                "protocol": "ICMP",
                "security_group_id": "",
                "to_port": -1,
                "v4_cidr_blocks": [
                  "10.0.0.0/8",
                  "172.16.0.0/12",
                  "192.168.0.0/16"
                ],
                "v6_cidr_blocks": []
              }
            ],
            "labels": {},
            "name": "regional-k8s-sg",
            "network_id": "enp1rom534k5sosoi1al",
            "status": "ACTIVE",
            "timeouts": null
          },
          "sensitive_attributes": [],
          "identity_schema_version": 0,
          "private": "eyJlMmJmYjczMC1lY2FhLTExZTYtOGY4OC0zNDM2M2JjN2M0YzAiOnsiY3JlYXRlIjoxODAwMDAwMDAwMDAsImRlbGV0ZSI6MTgwMDAwMDAwMDAwLCJ1cGRhdGUiOjE4MDAwMDAwMDAwMH19",
          "dependencies": [
            "yandex_vpc_network.network",
            "yandex_vpc_subnet.public_subnets"
          ]
        }
      ]
    },
    {
      "mode": "managed",
      "type": "yandex_vpc_subnet",
      "name": "public_subnets",
      "provider": "provider[\"registry.terraform.io/yandex-cloud/yandex\"]",
      "instances": [
        {
          "index_key": 0,
          "schema_version": 0,
          "attributes": {
            "created_at": "2025-08-24T17:47:23Z",
            "description": "",
            "dhcp_options": [],
            "folder_id": "b1gj6ia0559mol9ufg9k",
            "id": "e9bc8sjues9o6c5gov2k",
            "labels": {},
            "name": "public-subnet-0",
            "network_id": "enp1rom534k5sosoi1al",
            "route_table_id": "",
            "timeouts": null,
            "v4_cidr_blocks": [
              "10.1.0.0/24"
            ],
            "v6_cidr_blocks": [],
            "zone": "ru-central1-a"
          },
          "sensitive_attributes": [],
          "identity_schema_version": 0,
          "private": "eyJlMmJmYjczMC1lY2FhLTExZTYtOGY4OC0zNDM2M2JjN2M0YzAiOnsiY3JlYXRlIjoxODAwMDAwMDAwMDAsImRlbGV0ZSI6MTgwMDAwMDAwMDAwLCJ1cGRhdGUiOjE4MDAwMDAwMDAwMH19",
          "dependencies": [
            "yandex_vpc_network.network"
          ]
        },
        {
          "index_key": 1,
          "schema_version": 0,
          "attributes": {
            "created_at": "2025-08-24T17:47:22Z",
            "description": "",
            "dhcp_options": [],
            "folder_id": "b1gj6ia0559mol9ufg9k",
            "id": "e2li9i0vkov77j4sbr29",
            "labels": {},
            "name": "public-subnet-1",
            "network_id": "enp1rom534k5sosoi1al",
            "route_table_id": "",
            "timeouts": null,
            "v4_cidr_blocks": [
              "10.1.1.0/24"
            ],
            "v6_cidr_blocks": [],
            "zone": "ru-central1-b"
          },
          "sensitive_attributes": [],
          "identity_schema_version": 0,
          "private": "eyJlMmJmYjczMC1lY2FhLTExZTYtOGY4OC0zNDM2M2JjN2M0YzAiOnsiY3JlYXRlIjoxODAwMDAwMDAwMDAsImRlbGV0ZSI6MTgwMDAwMDAwMDAwLCJ1cGRhdGUiOjE4MDAwMDAwMDAwMH19",
          "dependencies": [
            "yandex_vpc_network.network"
          ]
        },
        {
          "index_key": 2,
          "schema_version": 0,
          "attributes": {
            "created_at": "2025-08-24T17:47:22Z",
            "description": "",
            "dhcp_options": [],
            "folder_id": "b1gj6ia0559mol9ufg9k",
            "id": "fl8efpi2taf5ing9opqf",
            "labels": {},
            "name": "public-subnet-2",
            "network_id": "enp1rom534k5sosoi1al",
            "route_table_id": "",
            "timeouts": null,
            "v4_cidr_blocks": [
              "10.1.2.0/24"
            ],
            "v6_cidr_blocks": [],
            "zone": "ru-central1-d"
          },
          "sensitive_attributes": [],
          "identity_schema_version": 0,
          "private": "eyJlMmJmYjczMC1lY2FhLTExZTYtOGY4OC0zNDM2M2JjN2M0YzAiOnsiY3JlYXRlIjoxODAwMDAwMDAwMDAsImRlbGV0ZSI6MTgwMDAwMDAwMDAwLCJ1cGRhdGUiOjE4MDAwMDAwMDAwMH19",
          "dependencies": [
            "yandex_vpc_network.network"
          ]
        }
      ]
    }
  ],
  "check_results": null
}
